
Microsoft Visual Studio Solution File, Format Version 12.00
# Visual Studio 15
VisualStudioVersion = 15.0.26730.16
MinimumVisualStudioVersion = 10.0.40219.1
Project("{9A19103F-16F7-4668-BE54-9A1E7A4F7556}") = "RentMyCar", "RentMyCar\RentMyCar.csproj", "{3DEAEFF4-00A4-4A8C-9E10-B7B50FD8E7A5}"
EndProject
Project("{9A19103F-16F7-4668-BE54-9A1E7A4F7556}") = "Model", "Model\Model.csproj", "{9688FE12-0EB0-43B8-9128-D3FC0575E6C3}"
EndProject
Project("{9A19103F-16F7-4668-BE54-9A1E7A4F7556}") = "ModelTests", "ModelTests\ModelTests.csproj", "{F93A1ACB-91BD-4823-8D63-5687E3F4FE13}"
EndProject
Project("{9A19103F-16F7-4668-BE54-9A1E7A4F7556}") = "ModelDB", "Model.DB\ModelDB.csproj", "{58AB5255-B4F5-41D9-AE4F-BC7217FB7373}"
EndProject
Project("{9A19103F-16F7-4668-BE54-9A1E7A4F7556}") = "ModelDBTests", "Model.DBTests\ModelDBTests.csproj", "{42F34A13-F16C-4E59-8822-6BC444C95254}"
EndProject
Global
	GlobalSection(SolutionConfigurationPlatforms) = preSolution
		Debug|Any CPU = Debug|Any CPU
		Release|Any CPU = Release|Any CPU
	EndGlobalSection
	GlobalSection(ProjectConfigurationPlatforms) = postSolution
		{3DEAEFF4-00A4-4A8C-9E10-B7B50FD8E7A5}.Debug|Any CPU.ActiveCfg = Debug|Any CPU
		{3DEAEFF4-00A4-4A8C-9E10-B7B50FD8E7A5}.Debug|Any CPU.Build.0 = Debug|Any CPU
		{3DEAEFF4-00A4-4A8C-9E10-B7B50FD8E7A5}.Release|Any CPU.ActiveCfg = Release|Any CPU
		{3DEAEFF4-00A4-4A8C-9E10-B7B50FD8E7A5}.Release|Any CPU.Build.0 = Release|Any CPU
		{9688FE12-0EB0-43B8-9128-D3FC0575E6C3}.Debug|Any CPU.ActiveCfg = Debug|Any CPU
		{9688FE12-0EB0-43B8-9128-D3FC0575E6C3}.Debug|Any CPU.Build.0 = Debug|Any CPU
		{9688FE12-0EB0-43B8-9128-D3FC0575E6C3}.Release|Any CPU.ActiveCfg = Release|Any CPU
		{9688FE12-0EB0-43B8-9128-D3FC0575E6C3}.Release|Any CPU.Build.0 = Release|Any CPU
		{F93A1ACB-91BD-4823-8D63-5687E3F4FE13}.Debug|Any CPU.ActiveCfg = Debug|Any CPU
		{F93A1ACB-91BD-4823-8D63-5687E3F4FE13}.Debug|Any CPU.Build.0 = Debug|Any CPU
		{F93A1ACB-91BD-4823-8D63-5687E3F4FE13}.Release|Any CPU.ActiveCfg = Release|Any CPU
		{F93A1ACB-91BD-4823-8D63-5687E3F4FE13}.Release|Any CPU.Build.0 = Release|Any CPU
		{58AB5255-B4F5-41D9-AE4F-BC7217FB7373}.Debug|Any CPU.ActiveCfg = Debug|Any CPU
		{58AB5255-B4F5-41D9-AE4F-BC7217FB7373}.Debug|Any CPU.Build.0 = Debug|Any CPU
		{58AB5255-B4F5-41D9-AE4F-BC7217FB7373}.Release|Any CPU.ActiveCfg = Release|Any CPU
		{58AB5255-B4F5-41D9-AE4F-BC7217FB7373}.Release|Any CPU.Build.0 = Release|Any CPU
		{42F34A13-F16C-4E59-8822-6BC444C95254}.Debug|Any CPU.ActiveCfg = Debug|Any CPU
		{42F34A13-F16C-4E59-8822-6BC444C95254}.Debug|Any CPU.Build.0 = Debug|Any CPU
		{42F34A13-F16C-4E59-8822-6BC444C95254}.Release|Any CPU.ActiveCfg = Release|Any CPU
		{42F34A13-F16C-4E59-8822-6BC444C95254}.Release|Any CPU.Build.0 = Release|Any CPU
	EndGlobalSection
	GlobalSection(SolutionProperties) = preSolution
		HideSolutionNode = FALSE
	EndGlobalSection
	GlobalSection(ExtensibilityGlobals) = postSolution
		SolutionGuid = {8FD75573-5F66-4221-82A5-5C0D4F600A46}
	EndGlobalSection
EndGlobal
